// !$*UTF8*$!
{
	archiveVersion = 1;
	classes = {
	};
	objectVersion = 56;
	objects = {

/* Begin PBXBuildFile section */
		8F9C5C0128E92153005D54C9 /* AppDelegate.swift in Sources */ = {isa = PBXBuildFile; fileRef = 8F9C5C0028E92153005D54C9 /* AppDelegate.swift */; };
		8F9C5C0328E92153005D54C9 /* SceneDelegate.swift in Sources */ = {isa = PBXBuildFile; fileRef = 8F9C5C0228E92153005D54C9 /* SceneDelegate.swift */; };
		8F9C5C0528E92153005D54C9 /* ViewController.swift in Sources */ = {isa = PBXBuildFile; fileRef = 8F9C5C0428E92153005D54C9 /* ViewController.swift */; };
		8F9C5C0828E92153005D54C9 /* Main.storyboard in Resources */ = {isa = PBXBuildFile; fileRef = 8F9C5C0628E92153005D54C9 /* Main.storyboard */; };
		8F9C5C0A28E92153005D54C9 /* Assets.xcassets in Resources */ = {isa = PBXBuildFile; fileRef = 8F9C5C0928E92153005D54C9 /* Assets.xcassets */; };
		8F9C5C0D28E92153005D54C9 /* LaunchScreen.storyboard in Resources */ = {isa = PBXBuildFile; fileRef = 8F9C5C0B28E92153005D54C9 /* LaunchScreen.storyboard */; };
		8F9C5C1828E92153005D54C9 /* BullsEyeTests.swift in Sources */ = {isa = PBXBuildFile; fileRef = 8F9C5C1728E92153005D54C9 /* BullsEyeTests.swift */; };
		8F9C5C2228E92154005D54C9 /* BullsEyeUITests.swift in Sources */ = {isa = PBXBuildFile; fileRef = 8F9C5C2128E92154005D54C9 /* BullsEyeUITests.swift */; };
		8F9C5C2428E92154005D54C9 /* BullsEyeUITestsLaunchTests.swift in Sources */ = {isa = PBXBuildFile; fileRef = 8F9C5C2328E92154005D54C9 /* BullsEyeUITestsLaunchTests.swift */; };
/* End PBXBuildFile section */

/* Begin PBXContainerItemProxy section */
		8F9C5C1428E92153005D54C9 /* PBXContainerItemProxy */ = {
			isa = PBXContainerItemProxy;
			containerPortal = 8F9C5BF528E92153005D54C9 /* Project object */;
			proxyType = 1;
			remoteGlobalIDString = 8F9C5BFC28E92153005D54C9;
			remoteInfo = BullsEye;
		};
		8F9C5C1E28E92154005D54C9 /* PBXContainerItemProxy */ = {
			isa = PBXContainerItemProxy;
			containerPortal = 8F9C5BF528E92153005D54C9 /* Project object */;
			proxyType = 1;
			remoteGlobalIDString = 8F9C5BFC28E92153005D54C9;
			remoteInfo = BullsEye;
		};
/* End PBXContainerItemProxy section */

/* Begin PBXFileReference section */
		8F9C5BFD28E92153005D54C9 /* BullsEye.app */ = {isa = PBXFileReference; explicitFileType = wrapper.application; includeInIndex = 0; path = BullsEye.app; sourceTree = BUILT_PRODUCTS_DIR; };
		8F9C5C0028E92153005D54C9 /* AppDelegate.swift */ = {isa = PBXFileReference; lastKnownFileType = sourcecode.swift; path = AppDelegate.swift; sourceTree = "<group>"; };
		8F9C5C0228E92153005D54C9 /* SceneDelegate.swift */ = {isa = PBXFileReference; lastKnownFileType = sourcecode.swift; path = SceneDelegate.swift; sourceTree = "<group>"; };
		8F9C5C0428E92153005D54C9 /* ViewController.swift */ = {isa = PBXFileReference; lastKnownFileType = sourcecode.swift; path = ViewController.swift; sourceTree = "<group>"; };
		8F9C5C0728E92153005D54C9 /* Base */ = {isa = PBXFileReference; lastKnownFileType = file.storyboard; name = Base; path = Base.lproj/Main.storyboard; sourceTree = "<group>"; };
		8F9C5C0928E92153005D54C9 /* Assets.xcassets */ = {isa = PBXFileReference; lastKnownFileType = folder.assetcatalog; path = Assets.xcassets; sourceTree = "<group>"; };
		8F9C5C0C28E92153005D54C9 /* Base */ = {isa = PBXFileReference; lastKnownFileType = file.storyboard; name = Base; path = Base.lproj/LaunchScreen.storyboard; sourceTree = "<group>"; };
		8F9C5C0E28E92153005D54C9 /* Info.plist */ = {isa = PBXFileReference; lastKnownFileType = text.plist.xml; path = Info.plist; sourceTree = "<group>"; };
		8F9C5C1328E92153005D54C9 /* BullsEyeTests.xctest */ = {isa = PBXFileReference; explicitFileType = wrapper.cfbundle; includeInIndex = 0; path = BullsEyeTests.xctest; sourceTree = BUILT_PRODUCTS_DIR; };
		8F9C5C1728E92153005D54C9 /* BullsEyeTests.swift */ = {isa = PBXFileReference; lastKnownFileType = sourcecode.swift; path = BullsEyeTests.swift; sourceTree = "<group>"; };
		8F9C5C1D28E92154005D54C9 /* BullsEyeUITests.xctest */ = {isa = PBXFileReference; explicitFileType = wrapper.cfbundle; includeInIndex = 0; path = BullsEyeUITests.xctest; sourceTree = BUILT_PRODUCTS_DIR; };
		8F9C5C2128E92154005D54C9 /* BullsEyeUITests.swift */ = {isa = PBXFileReference; lastKnownFileType = sourcecode.swift; path = BullsEyeUITests.swift; sourceTree = "<group>"; };
		8F9C5C2328E92154005D54C9 /* BullsEyeUITestsLaunchTests.swift */ = {isa = PBXFileReference; lastKnownFileType = sourcecode.swift; path = BullsEyeUITestsLaunchTests.swift; sourceTree = "<group>"; };
/* End PBXFileReference section */

/* Begin PBXFrameworksBuildPhase section */
		8F9C5BFA28E92153005D54C9 /* Frameworks */ = {
			isa = PBXFrameworksBuildPhase;
			buildActionMask = 2147483647;
			files = (
			);
			runOnlyForDeploymentPostprocessing = 0;
		};
		8F9C5C1028E92153005D54C9 /* Frameworks */ = {
			isa = PBXFrameworksBuildPhase;
			buildActionMask = 2147483647;
			files = (
			);
			runOnlyForDeploymentPostprocessing = 0;
		};
		8F9C5C1A28E92154005D54C9 /* Frameworks */ = {
			isa = PBXFrameworksBuildPhase;
			buildActionMask = 2147483647;
			files = (
			);
			runOnlyForDeploymentPostprocessing = 0;
		};
/* End PBXFrameworksBuildPhase section */

/* Begin PBXGroup section */
		8F9C5BF428E92153005D54C9 = {
			isa = PBXGroup;
			children = (
				8F9C5BFF28E92153005D54C9 /* BullsEye */,
				8F9C5C1628E92153005D54C9 /* BullsEyeTests */,
				8F9C5C2028E92154005D54C9 /* BullsEyeUITests */,
				8F9C5BFE28E92153005D54C9 /* Products */,
			);
			sourceTree = "<group>";
		};
		8F9C5BFE28E92153005D54C9 /* Products */ = {
			isa = PBXGroup;
			children = (
				8F9C5BFD28E92153005D54C9 /* BullsEye.app */,
				8F9C5C1328E92153005D54C9 /* BullsEyeTests.xctest */,
				8F9C5C1D28E92154005D54C9 /* BullsEyeUITests.xctest */,
			);
			name = Products;
			sourceTree = "<group>";
		};
		8F9C5BFF28E92153005D54C9 /* BullsEye */ = {
			isa = PBXGroup;
			children = (
				8F9C5C0028E92153005D54C9 /* AppDelegate.swift */,
				8F9C5C0228E92153005D54C9 /* SceneDelegate.swift */,
				8F9C5C0428E92153005D54C9 /* ViewController.swift */,
				8F9C5C0628E92153005D54C9 /* Main.storyboard */,
				8F9C5C0928E92153005D54C9 /* Assets.xcassets */,
				8F9C5C0B28E92153005D54C9 /* LaunchScreen.storyboard */,
				8F9C5C0E28E92153005D54C9 /* Info.plist */,
			);
			path = BullsEye;
			sourceTree = "<group>";
		};
		8F9C5C1628E92153005D54C9 /* BullsEyeTests */ = {
			isa = PBXGroup;
			children = (
				8F9C5C1728E92153005D54C9 /* BullsEyeTests.swift */,
			);
			path = BullsEyeTests;
			sourceTree = "<group>";
		};
		8F9C5C2028E92154005D54C9 /* BullsEyeUITests */ = {
			isa = PBXGroup;
			children = (
				8F9C5C2128E92154005D54C9 /* BullsEyeUITests.swift */,
				8F9C5C2328E92154005D54C9 /* BullsEyeUITestsLaunchTests.swift */,
			);
			path = BullsEyeUITests;
			sourceTree = "<group>";
		};
/* End PBXGroup section */

/* Begin PBXNativeTarget section */
		8F9C5BFC28E92153005D54C9 /* BullsEye */ = {
			isa = PBXNativeTarget;
			buildConfigurationList = 8F9C5C2728E92154005D54C9 /* Build configuration list for PBXNativeTarget "BullsEye" */;
			buildPhases = (
				8F9C5BF928E92153005D54C9 /* Sources */,
				8F9C5BFA28E92153005D54C9 /* Frameworks */,
				8F9C5BFB28E92153005D54C9 /* Resources */,
			);
			buildRules = (
			);
			dependencies = (
			);
			name = BullsEye;
			productName = BullsEye;
			productReference = 8F9C5BFD28E92153005D54C9 /* BullsEye.app */;
			productType = "com.apple.product-type.application";
		};
		8F9C5C1228E92153005D54C9 /* BullsEyeTests */ = {
			isa = PBXNativeTarget;
			buildConfigurationList = 8F9C5C2A28E92154005D54C9 /* Build configuration list for PBXNativeTarget "BullsEyeTests" */;
			buildPhases = (
				8F9C5C0F28E92153005D54C9 /* Sources */,
				8F9C5C1028E92153005D54C9 /* Frameworks */,
				8F9C5C1128E92153005D54C9 /* Resources */,
			);
			buildRules = (
			);
			dependencies = (
				8F9C5C1528E92153005D54C9 /* PBXTargetDependency */,
			);
			name = BullsEyeTests;
			productName = BullsEyeTests;
			productReference = 8F9C5C1328E92153005D54C9 /* BullsEyeTests.xctest */;
			productType = "com.apple.product-type.bundle.unit-test";
		};
		8F9C5C1C28E92154005D54C9 /* BullsEyeUITests */ = {
			isa = PBXNativeTarget;
			buildConfigurationList = 8F9C5C2D28E92154005D54C9 /* Build configuration list for PBXNativeTarget "BullsEyeUITests" */;
			buildPhases = (
				8F9C5C1928E92154005D54C9 /* Sources */,
				8F9C5C1A28E92154005D54C9 /* Frameworks */,
				8F9C5C1B28E92154005D54C9 /* Resources */,
			);
			buildRules = (
			);
			dependencies = (
				8F9C5C1F28E92154005D54C9 /* PBXTargetDependency */,
			);
			name = BullsEyeUITests;
			productName = BullsEyeUITests;
			productReference = 8F9C5C1D28E92154005D54C9 /* BullsEyeUITests.xctest */;
			productType = "com.apple.product-type.bundle.ui-testing";
		};
/* End PBXNativeTarget section */

/* Begin PBXProject section */
		8F9C5BF528E92153005D54C9 /* Project object */ = {
			isa = PBXProject;
			attributes = {
				BuildIndependentTargetsInParallel = 1;
				LastSwiftUpdateCheck = 1400;
				LastUpgradeCheck = 1400;
				TargetAttributes = {
					8F9C5BFC28E92153005D54C9 = {
						CreatedOnToolsVersion = 14.0;
					};
					8F9C5C1228E92153005D54C9 = {
						CreatedOnToolsVersion = 14.0;
						TestTargetID = 8F9C5BFC28E92153005D54C9;
					};
					8F9C5C1C28E92154005D54C9 = {
						CreatedOnToolsVersion = 14.0;
						TestTargetID = 8F9C5BFC28E92153005D54C9;
					};
				};
			};
			buildConfigurationList = 8F9C5BF828E92153005D54C9 /* Build configuration list for PBXProject "BullsEye" */;
			compatibilityVersion = "Xcode 14.0";
			developmentRegion = en;
			hasScannedForEncodings = 0;
			knownRegions = (
				en,
				Base,
			);
			mainGroup = 8F9C5BF428E92153005D54C9;
			productRefGroup = 8F9C5BFE28E92153005D54C9 /* Products */;
			projectDirPath = "";
			projectRoot = "";
			targets = (
				8F9C5BFC28E92153005D54C9 /* BullsEye */,
				8F9C5C1228E92153005D54C9 /* BullsEyeTests */,
				8F9C5C1C28E92154005D54C9 /* BullsEyeUITests */,
			);
		};
/* End PBXProject section */

/* Begin PBXResourcesBuildPhase section */
		8F9C5BFB28E92153005D54C9 /* Resources */ = {
			isa = PBXResourcesBuildPhase;
			buildActionMask = 2147483647;
			files = (
				8F9C5C0D28E92153005D54C9 /* LaunchScreen.storyboard in Resources */,
				8F9C5C0A28E92153005D54C9 /* Assets.xcassets in Resources */,
				8F9C5C0828E92153005D54C9 /* Main.storyboard in Resources */,
			);
			runOnlyForDeploymentPostprocessing = 0;
		};
		8F9C5C1128E92153005D54C9 /* Resources */ = {
			isa = PBXResourcesBuildPhase;
			buildActionMask = 2147483647;
			files = (
			);
			runOnlyForDeploymentPostprocessing = 0;
		};
		8F9C5C1B28E92154005D54C9 /* Resources */ = {
			isa = PBXResourcesBuildPhase;
			buildActionMask = 2147483647;
			files = (
			);
			runOnlyForDeploymentPostprocessing = 0;
		};
/* End PBXResourcesBuildPhase section */

/* Begin PBXSourcesBuildPhase section */
		8F9C5BF928E92153005D54C9 /* Sources */ = {
			isa = PBXSourcesBuildPhase;
			buildActionMask = 2147483647;
			files = (
				8F9C5C0528E92153005D54C9 /* ViewController.swift in Sources */,
				8F9C5C0128E92153005D54C9 /* AppDelegate.swift in Sources */,
				8F9C5C0328E92153005D54C9 /* SceneDelegate.swift in Sources */,
			);
			runOnlyForDeploymentPostprocessing = 0;
		};
		8F9C5C0F28E92153005D54C9 /* Sources */ = {
			isa = PBXSourcesBuildPhase;
			buildActionMask = 2147483647;
			files = (
				8F9C5C1828E92153005D54C9 /* BullsEyeTests.swift in Sources */,
			);
			runOnlyForDeploymentPostprocessing = 0;
		};
		8F9C5C1928E92154005D54C9 /* Sources */ = {
			isa = PBXSourcesBuildPhase;
			buildActionMask = 2147483647;
			files = (
				8F9C5C2428E92154005D54C9 /* BullsEyeUITestsLaunchTests.swift in Sources */,
				8F9C5C2228E92154005D54C9 /* BullsEyeUITests.swift in Sources */,
			);
			runOnlyForDeploymentPostprocessing = 0;
		};
/* End PBXSourcesBuildPhase section */

/* Begin PBXTargetDependency section */
		8F9C5C1528E92153005D54C9 /* PBXTargetDependency */ = {
			isa = PBXTargetDependency;
			target = 8F9C5BFC28E92153005D54C9 /* BullsEye */;
			targetProxy = 8F9C5C1428E92153005D54C9 /* PBXContainerItemProxy */;
		};
		8F9C5C1F28E92154005D54C9 /* PBXTargetDependency */ = {
			isa = PBXTargetDependency;
			target = 8F9C5BFC28E92153005D54C9 /* BullsEye */;
			targetProxy = 8F9C5C1E28E92154005D54C9 /* PBXContainerItemProxy */;
		};
/* End PBXTargetDependency section */

/* Begin PBXVariantGroup section */
		8F9C5C0628E92153005D54C9 /* Main.storyboard */ = {
			isa = PBXVariantGroup;
			children = (
				8F9C5C0728E92153005D54C9 /* Base */,
			);
			name = Main.storyboard;
			sourceTree = "<group>";
		};
		8F9C5C0B28E92153005D54C9 /* LaunchScreen.storyboard */ = {
			isa = PBXVariantGroup;
			children = (
				8F9C5C0C28E92153005D54C9 /* Base */,
			);
			name = LaunchScreen.storyboard;
			sourceTree = "<group>";
		};
/* End PBXVariantGroup section */

/* Begin XCBuildConfiguration section */
		8F9C5C2528E92154005D54C9 /* Debug */ = {
			isa = XCBuildConfiguration;
			buildSettings = {
				ALWAYS_SEARCH_USER_PATHS = NO;
				CLANG_ANALYZER_NONNULL = YES;
				CLANG_ANALYZER_NUMBER_OBJECT_CONVERSION = YES_AGGRESSIVE;
				CLANG_CXX_LANGUAGE_STANDARD = "gnu++20";
				CLANG_ENABLE_MODULES = YES;
				CLANG_ENABLE_OBJC_ARC = YES;
				CLANG_ENABLE_OBJC_WEAK = YES;
				CLANG_WARN_BLOCK_CAPTURE_AUTORELEASING = YES;
				CLANG_WARN_BOOL_CONVERSION = YES;
				CLANG_WARN_COMMA = YES;
				CLANG_WARN_CONSTANT_CONVERSION = YES;
				CLANG_WARN_DEPRECATED_OBJC_IMPLEMENTATIONS = YES;
				CLANG_WARN_DIRECT_OBJC_ISA_USAGE = YES_ERROR;
				CLANG_WARN_DOCUMENTATION_COMMENTS = YES;
				CLANG_WARN_EMPTY_BODY = YES;
				CLANG_WARN_ENUM_CONVERSION = YES;
				CLANG_WARN_INFINITE_RECURSION = YES;
				CLANG_WARN_INT_CONVERSION = YES;
				CLANG_WARN_NON_LITERAL_NULL_CONVERSION = YES;
				CLANG_WARN_OBJC_IMPLICIT_RETAIN_SELF = YES;
				CLANG_WARN_OBJC_LITERAL_CONVERSION = YES;
				CLANG_WARN_OBJC_ROOT_CLASS = YES_ERROR;
				CLANG_WARN_QUOTED_INCLUDE_IN_FRAMEWORK_HEADER = YES;
				CLANG_WARN_RANGE_LOOP_ANALYSIS = YES;
				CLANG_WARN_STRICT_PROTOTYPES = YES;
				CLANG_WARN_SUSPICIOUS_MOVE = YES;
				CLANG_WARN_UNGUARDED_AVAILABILITY = YES_AGGRESSIVE;
				CLANG_WARN_UNREACHABLE_CODE = YES;
				CLANG_WARN__DUPLICATE_METHOD_MATCH = YES;
				COPY_PHASE_STRIP = NO;
				DEBUG_INFORMATION_FORMAT = dwarf;
				ENABLE_STRICT_OBJC_MSGSEND = YES;
				ENABLE_TESTABILITY = YES;
				GCC_C_LANGUAGE_STANDARD = gnu11;
				GCC_DYNAMIC_NO_PIC = NO;
				GCC_NO_COMMON_BLOCKS = YES;
				GCC_OPTIMIZATION_LEVEL = 0;
				GCC_PREPROCESSOR_DEFINITIONS = (
					"DEBUG=1",
					"$(inherited)",
				);
				GCC_WARN_64_TO_32_BIT_CONVERSION = YES;
				GCC_WARN_ABOUT_RETURN_TYPE = YES_ERROR;
				GCC_WARN_UNDECLARED_SELECTOR = YES;
				GCC_WARN_UNINITIALIZED_AUTOS = YES_AGGRESSIVE;
				GCC_WARN_UNUSED_FUNCTION = YES;
				GCC_WARN_UNUSED_VARIABLE = YES;
				IPHONEOS_DEPLOYMENT_TARGET = 16.0;
				MTL_ENABLE_DEBUG_INFO = INCLUDE_SOURCE;
				MTL_FAST_MATH = YES;
				ONLY_ACTIVE_ARCH = YES;
				SDKROOT = iphoneos;
				SWIFT_ACTIVE_COMPILATION_CONDITIONS = DEBUG;
				SWIFT_OPTIMIZATION_LEVEL = "-Onone";
			};
			name = Debug;
		};
		8F9C5C2628E92154005D54C9 /* Release */ = {
			isa = XCBuildConfiguration;
			buildSettings = {
				ALWAYS_SEARCH_USER_PATHS = NO;
				CLANG_ANALYZER_NONNULL = YES;
				CLANG_ANALYZER_NUMBER_OBJECT_CONVERSION = YES_AGGRESSIVE;
				CLANG_CXX_LANGUAGE_STANDARD = "gnu++20";
				CLANG_ENABLE_MODULES = YES;
				CLANG_ENABLE_OBJC_ARC = YES;
				CLANG_ENABLE_OBJC_WEAK = YES;
				CLANG_WARN_BLOCK_CAPTURE_AUTORELEASING = YES;
				CLANG_WARN_BOOL_CONVERSION = YES;
				CLANG_WARN_COMMA = YES;
				CLANG_WARN_CONSTANT_CONVERSION = YES;
				CLANG_WARN_DEPRECATED_OBJC_IMPLEMENTATIONS = YES;
				CLANG_WARN_DIRECT_OBJC_ISA_USAGE = YES_ERROR;
				CLANG_WARN_DOCUMENTATION_COMMENTS = YES;
				CLANG_WARN_EMPTY_BODY = YES;
				CLANG_WARN_ENUM_CONVERSION = YES;
				CLANG_WARN_INFINITE_RECURSION = YES;
				CLANG_WARN_INT_CONVERSION = YES;
				CLANG_WARN_NON_LITERAL_NULL_CONVERSION = YES;
				CLANG_WARN_OBJC_IMPLICIT_RETAIN_SELF = YES;
				CLANG_WARN_OBJC_LITERAL_CONVERSION = YES;
				CLANG_WARN_OBJC_ROOT_CLASS = YES_ERROR;
				CLANG_WARN_QUOTED_INCLUDE_IN_FRAMEWORK_HEADER = YES;
				CLANG_WARN_RANGE_LOOP_ANALYSIS = YES;
				CLANG_WARN_STRICT_PROTOTYPES = YES;
				CLANG_WARN_SUSPICIOUS_MOVE = YES;
				CLANG_WARN_UNGUARDED_AVAILABILITY = YES_AGGRESSIVE;
				CLANG_WARN_UNREACHABLE_CODE = YES;
				CLANG_WARN__DUPLICATE_METHOD_MATCH = YES;
				COPY_PHASE_STRIP = NO;
				DEBUG_INFORMATION_FORMAT = "dwarf-with-dsym";
				ENABLE_NS_ASSERTIONS = NO;
				ENABLE_STRICT_OBJC_MSGSEND = YES;
				GCC_C_LANGUAGE_STANDARD = gnu11;
				GCC_NO_COMMON_BLOCKS = YES;
				GCC_WARN_64_TO_32_BIT_CONVERSION = YES;
				GCC_WARN_ABOUT_RETURN_TYPE = YES_ERROR;
				GCC_WARN_UNDECLARED_SELECTOR = YES;
				GCC_WARN_UNINITIALIZED_AUTOS = YES_AGGRESSIVE;
				GCC_WARN_UNUSED_FUNCTION = YES;
				GCC_WARN_UNUSED_VARIABLE = YES;
				IPHONEOS_DEPLOYMENT_TARGET = 16.0;
				MTL_ENABLE_DEBUG_INFO = NO;
				MTL_FAST_MATH = YES;
				SDKROOT = iphoneos;
				SWIFT_COMPILATION_MODE = wholemodule;
				SWIFT_OPTIMIZATION_LEVEL = "-O";
				VALIDATE_PRODUCT = YES;
			};
			name = Release;
		};
		8F9C5C2828E92154005D54C9 /* Debug */ = {
			isa = XCBuildConfiguration;
			buildSettings = {
				ASSETCATALOG_COMPILER_APPICON_NAME = AppIcon;
				ASSETCATALOG_COMPILER_GLOBAL_ACCENT_COLOR_NAME = AccentColor;
				CODE_SIGN_STYLE = Automatic;
				CURRENT_PROJECT_VERSION = 1;
				GENERATE_INFOPLIST_FILE = YES;
				INFOPLIST_FILE = BullsEye/Info.plist;
				INFOPLIST_KEY_UIApplicationSupportsIndirectInputEvents = YES;
				INFOPLIST_KEY_UILaunchStoryboardName = LaunchScreen;
				INFOPLIST_KEY_UIMainStoryboardFile = Main;
				INFOPLIST_KEY_UISupportedInterfaceOrientations_iPad = "UIInterfaceOrientationPortrait UIInterfaceOrientationPortraitUpsideDown UIInterfaceOrientationLandscapeLeft UIInterfaceOrientationLandscapeRight";
				INFOPLIST_KEY_UISupportedInterfaceOrientations_iPhone = "UIInterfaceOrientationPortrait UIInterfaceOrientationLandscapeLeft UIInterfaceOrientationLandscapeRight";
				LD_RUNPATH_SEARCH_PATHS = (
					"$(inherited)",
					"@executable_path/Frameworks",
				);
				MARKETING_VERSION = 1.0;
				PRODUCT_BUNDLE_IDENTIFIER = com.ibrahimWassouf.BullsEye;
				PRODUCT_NAME = "$(TARGET_NAME)";
				SWIFT_EMIT_LOC_STRINGS = YES;
				SWIFT_VERSION = 5.0;
				TARGETED_DEVICE_FAMILY = "1,2";
			};
			name = Debug;
		};
		8F9C5C2928E92154005D54C9 /* Release */ = {
			isa = XCBuildConfiguration;
			buildSettings = {
				ASSETCATALOG_COMPILER_APPICON_NAME = AppIcon;
				ASSETCATALOG_COMPILER_GLOBAL_ACCENT_COLOR_NAME = AccentColor;
				CODE_SIGN_STYLE = Automatic;
				CURRENT_PROJECT_VERSION = 1;
				GENERATE_INFOPLIST_FILE = YES;
				INFOPLIST_FILE = BullsEye/Info.plist;
				INFOPLIST_KEY_UIApplicationSupportsIndirectInputEvents = YES;
				INFOPLIST_KEY_UILaunchStoryboardName = LaunchScreen;
				INFOPLIST_KEY_UIMainStoryboardFile = Main;
				INFOPLIST_KEY_UISupportedInterfaceOrientations_iPad = "UIInterfaceOrientationPortrait UIInterfaceOrientationPortraitUpsideDown UIInterfaceOrientationLandscapeLeft UIInterfaceOrientationLandscapeRight";
				INFOPLIST_KEY_UISupportedInterfaceOrientations_iPhone = "UIInterfaceOrientationPortrait UIInterfaceOrientationLandscapeLeft UIInterfaceOrientationLandscapeRight";
				LD_RUNPATH_SEARCH_PATHS = (
					"$(inherited)",
					"@executable_path/Frameworks",
				);
				MARKETING_VERSION = 1.0;
				PRODUCT_BUNDLE_IDENTIFIER = com.ibrahimWassouf.BullsEye;
				PRODUCT_NAME = "$(TARGET_NAME)";
				SWIFT_EMIT_LOC_STRINGS = YES;
				SWIFT_VERSION = 5.0;
				TARGETED_DEVICE_FAMILY = "1,2";
			};
			name = Release;
		};
		8F9C5C2B28E92154005D54C9 /* Debug */ = {
			isa = XCBuildConfiguration;
			buildSettings = {
				ALWAYS_EMBED_SWIFT_STANDARD_LIBRARIES = YES;
				BUNDLE_LOADER = "$(TEST_HOST)";
				CODE_SIGN_STYLE = Automatic;
				CURRENT_PROJECT_VERSION = 1;
				GENERATE_INFOPLIST_FILE = YES;
				IPHONEOS_DEPLOYMENT_TARGET = 16.0;
				MARKETING_VERSION = 1.0;
				PRODUCT_BUNDLE_IDENTIFIER = com.ibrahimWassouf.BullsEyeTests;
				PRODUCT_NAME = "$(TARGET_NAME)";
				SWIFT_EMIT_LOC_STRINGS = NO;
				SWIFT_VERSION = 5.0;
				TARGETED_DEVICE_FAMILY = "1,2";
				TEST_HOST = "$(BUILT_PRODUCTS_DIR)/BullsEye.app/$(BUNDLE_EXECUTABLE_FOLDER_PATH)/BullsEye";
			};
			name = Debug;
		};
		8F9C5C2C28E92154005D54C9 /* Release */ = {
			isa = XCBuildConfiguration;
			buildSettings = {
				ALWAYS_EMBED_SWIFT_STANDARD_LIBRARIES = YES;
				BUNDLE_LOADER = "$(TEST_HOST)";
				CODE_SIGN_STYLE = Automatic;
				CURRENT_PROJECT_VERSION = 1;
				GENERATE_INFOPLIST_FILE = YES;
				IPHONEOS_DEPLOYMENT_TARGET = 16.0;
				MARKETING_VERSION = 1.0;
				PRODUCT_BUNDLE_IDENTIFIER = com.ibrahimWassouf.BullsEyeTests;
				PRODUCT_NAME = "$(TARGET_NAME)";
				SWIFT_EMIT_LOC_STRINGS = NO;
				SWIFT_VERSION = 5.0;
				TARGETED_DEVICE_FAMILY = "1,2";
				TEST_HOST = "$(BUILT_PRODUCTS_DIR)/BullsEye.app/$(BUNDLE_EXECUTABLE_FOLDER_PATH)/BullsEye";
			};
			name = Release;
		};
		8F9C5C2E28E92154005D54C9 /* Debug */ = {
			isa = XCBuildConfiguration;
			buildSettings = {
				ALWAYS_EMBED_SWIFT_STANDARD_LIBRARIES = YES;
				CODE_SIGN_STYLE = Automatic;
				CURRENT_PROJECT_VERSION = 1;
				GENERATE_INFOPLIST_FILE = YES;
				MARKETING_VERSION = 1.0;
				PRODUCT_BUNDLE_IDENTIFIER = com.ibrahimWassouf.BullsEyeUITests;
				PRODUCT_NAME = "$(TARGET_NAME)";
				SWIFT_EMIT_LOC_STRINGS = NO;
				SWIFT_VERSION = 5.0;
				TARGETED_DEVICE_FAMILY = "1,2";
				TEST_TARGET_NAME = BullsEye;
			};
			name = Debug;
		};
		8F9C5C2F28E92154005D54C9 /* Release */ = {
			isa = XCBuildConfiguration;
			buildSettings = {
				ALWAYS_EMBED_SWIFT_STANDARD_LIBRARIES = YES;
				CODE_SIGN_STYLE = Automatic;
				CURRENT_PROJECT_VERSION = 1;
				GENERATE_INFOPLIST_FILE = YES;
				MARKETING_VERSION = 1.0;
				PRODUCT_BUNDLE_IDENTIFIER = com.ibrahimWassouf.BullsEyeUITests;
				PRODUCT_NAME = "$(TARGET_NAME)";
				SWIFT_EMIT_LOC_STRINGS = NO;
				SWIFT_VERSION = 5.0;
				TARGETED_DEVICE_FAMILY = "1,2";
				TEST_TARGET_NAME = BullsEye;
			};
			name = Release;
		};
/* End XCBuildConfiguration section */

/* Begin XCConfigurationList section */
		8F9C5BF828E92153005D54C9 /* Build configuration list for PBXProject "BullsEye" */ = {
			isa = XCConfigurationList;
			buildConfigurations = (
				8F9C5C2528E92154005D54C9 /* Debug */,
				8F9C5C2628E92154005D54C9 /* Release */,
			);
			defaultConfigurationIsVisible = 0;
			defaultConfigurationName = Release;
		};
		8F9C5C2728E92154005D54C9 /* Build configuration list for PBXNativeTarget "BullsEye" */ = {
			isa = XCConfigurationList;
			buildConfigurations = (
				8F9C5C2828E92154005D54C9 /* Debug */,
				8F9C5C2928E92154005D54C9 /* Release */,
			);
			defaultConfigurationIsVisible = 0;
			defaultConfigurationName = Release;
		};
		8F9C5C2A28E92154005D54C9 /* Build configuration list for PBXNativeTarget "BullsEyeTests" */ = {
			isa = XCConfigurationList;
			buildConfigurations = (
				8F9C5C2B28E92154005D54C9 /* Debug */,
				8F9C5C2C28E92154005D54C9 /* Release */,
			);
			defaultConfigurationIsVisible = 0;
			defaultConfigurationName = Release;
		};
		8F9C5C2D28E92154005D54C9 /* Build configuration list for PBXNativeTarget "BullsEyeUITests" */ = {
			isa = XCConfigurationList;
			buildConfigurations = (
				8F9C5C2E28E92154005D54C9 /* Debug */,
				8F9C5C2F28E92154005D54C9 /* Release */,
			);
			defaultConfigurationIsVisible = 0;
			defaultConfigurationName = Release;
		};
/* End XCConfigurationList section */
	};
	rootObject = 8F9C5BF528E92153005D54C9 /* Project object */;
}
